// !$*UTF8*$!
{
	archiveVersion = 1;
	classes = {
	};
	objectVersion = 56;
	objects = {

/* Begin PBXBuildFile section */
		623B129B2E4DE49100F50865 /* ScanView.swift in Sources */ = {isa = PBXBuildFile; fileRef = 623B12982E4DE49100F50865 /* ScanView.swift */; };
		623B129C2E4DE49100F50865 /* BrowseView.swift in Sources */ = {isa = PBXBuildFile; fileRef = 623B12992E4DE49100F50865 /* BrowseView.swift */; };
		623B129D2E4DE49100F50865 /* ProfileView.swift in Sources */ = {isa = PBXBuildFile; fileRef = 623B129A2E4DE49100F50865 /* ProfileView.swift */; };
		623B12A12E4E1C4F00F50865 /* RecipeViewModel.swift in Sources */ = {isa = PBXBuildFile; fileRef = 623B129F2E4E1C4F00F50865 /* RecipeViewModel.swift */; };
		624974272E4CA93B0032EDEE /* myHamburgareAppApp.swift in Sources */ = {isa = PBXBuildFile; fileRef = 624974262E4CA93B0032EDEE /* myHamburgareAppApp.swift */; };
		624974292E4CA93B0032EDEE /* ContentView.swift in Sources */ = {isa = PBXBuildFile; fileRef = 624974282E4CA93B0032EDEE /* ContentView.swift */; };
		6249742B2E4CA93C0032EDEE /* Assets.xcassets in Resources */ = {isa = PBXBuildFile; fileRef = 6249742A2E4CA93C0032EDEE /* Assets.xcassets */; };
		6249742E2E4CA93C0032EDEE /* Preview Assets.xcassets in Resources */ = {isa = PBXBuildFile; fileRef = 6249742D2E4CA93C0032EDEE /* Preview Assets.xcassets */; };
		624974382E4CADF50032EDEE /* HomeView.swift in Sources */ = {isa = PBXBuildFile; fileRef = 624974372E4CADF50032EDEE /* HomeView.swift */; };
		6262903F2E58A56B00EEF5E2 /* Recetas.json in Resources */ = {isa = PBXBuildFile; fileRef = 6262903D2E58A56B00EEF5E2 /* Recetas.json */; };
		626290402E58A56B00EEF5E2 /* recipe_data_model.swift in Sources */ = {isa = PBXBuildFile; fileRef = 6262903E2E58A56B00EEF5E2 /* recipe_data_model.swift */; };
		627A9D9B2E4F4C3700980DF4 /* RecipeView.swift in Sources */ = {isa = PBXBuildFile; fileRef = 627A9D9A2E4F4C3700980DF4 /* RecipeView.swift */; };
		627F7A7B2E53309E0078070A /* Launch Screen.storyboard in Resources */ = {isa = PBXBuildFile; fileRef = 627F7A7A2E53309E0078070A /* Launch Screen.storyboard */; };
/* End PBXBuildFile section */

/* Begin PBXFileReference section */
		623B12982E4DE49100F50865 /* ScanView.swift */ = {isa = PBXFileReference; fileEncoding = 4; lastKnownFileType = sourcecode.swift; path = ScanView.swift; sourceTree = "<group>"; };
		623B12992E4DE49100F50865 /* BrowseView.swift */ = {isa = PBXFileReference; fileEncoding = 4; lastKnownFileType = sourcecode.swift; path = BrowseView.swift; sourceTree = "<group>"; };
		623B129A2E4DE49100F50865 /* ProfileView.swift */ = {isa = PBXFileReference; fileEncoding = 4; lastKnownFileType = sourcecode.swift; path = ProfileView.swift; sourceTree = "<group>"; };
		623B129F2E4E1C4F00F50865 /* RecipeViewModel.swift */ = {isa = PBXFileReference; fileEncoding = 4; lastKnownFileType = sourcecode.swift; path = RecipeViewModel.swift; sourceTree = "<group>"; };
		624974232E4CA93B0032EDEE /* myHamburgareApp.app */ = {isa = PBXFileReference; explicitFileType = wrapper.application; includeInIndex = 0; path = myHamburgareApp.app; sourceTree = BUILT_PRODUCTS_DIR; };
		624974262E4CA93B0032EDEE /* myHamburgareAppApp.swift */ = {isa = PBXFileReference; lastKnownFileType = sourcecode.swift; path = myHamburgareAppApp.swift; sourceTree = "<group>"; };
		624974282E4CA93B0032EDEE /* ContentView.swift */ = {isa = PBXFileReference; lastKnownFileType = sourcecode.swift; path = ContentView.swift; sourceTree = "<group>"; };
		6249742A2E4CA93C0032EDEE /* Assets.xcassets */ = {isa = PBXFileReference; lastKnownFileType = folder.assetcatalog; path = Assets.xcassets; sourceTree = "<group>"; };
		6249742D2E4CA93C0032EDEE /* Preview Assets.xcassets */ = {isa = PBXFileReference; lastKnownFileType = folder.assetcatalog; path = "Preview Assets.xcassets"; sourceTree = "<group>"; };
		624974372E4CADF50032EDEE /* HomeView.swift */ = {isa = PBXFileReference; lastKnownFileType = sourcecode.swift; path = HomeView.swift; sourceTree = "<group>"; };
		6262903D2E58A56B00EEF5E2 /* Recetas.json */ = {isa = PBXFileReference; fileEncoding = 4; lastKnownFileType = text.json; path = Recetas.json; sourceTree = "<group>"; };
		6262903E2E58A56B00EEF5E2 /* recipe_data_model.swift */ = {isa = PBXFileReference; fileEncoding = 4; lastKnownFileType = sourcecode.swift; path = recipe_data_model.swift; sourceTree = "<group>"; };
		627A9D9A2E4F4C3700980DF4 /* RecipeView.swift */ = {isa = PBXFileReference; fileEncoding = 4; lastKnownFileType = sourcecode.swift; path = RecipeView.swift; sourceTree = "<group>"; };
		627F7A7A2E53309E0078070A /* Launch Screen.storyboard */ = {isa = PBXFileReference; lastKnownFileType = file.storyboard; path = "Launch Screen.storyboard"; sourceTree = "<group>"; };
/* End PBXFileReference section */

/* Begin PBXFrameworksBuildPhase section */
		624974202E4CA93B0032EDEE /* Frameworks */ = {
			isa = PBXFrameworksBuildPhase;
			buildActionMask = 2147483647;
			files = (
			);
			runOnlyForDeploymentPostprocessing = 0;
		};
/* End PBXFrameworksBuildPhase section */

/* Begin PBXGroup section */
		623B129E2E4E1AFC00F50865 /* Models */ = {
			isa = PBXGroup;
			children = (
				623B12A02E4E1C4F00F50865 /* ViewModels */,
			);
			path = Models;
			sourceTree = "<group>";
		};
		623B12A02E4E1C4F00F50865 /* ViewModels */ = {
			isa = PBXGroup;
			children = (
				6262903D2E58A56B00EEF5E2 /* Recetas.json */,
				6262903E2E58A56B00EEF5E2 /* recipe_data_model.swift */,
				623B129F2E4E1C4F00F50865 /* RecipeViewModel.swift */,
			);
			name = ViewModels;
			path = myHamburgareApp/ViewModels;
			sourceTree = SOURCE_ROOT;
		};
		6249741A2E4CA93B0032EDEE = {
			isa = PBXGroup;
			children = (
				624974252E4CA93B0032EDEE /* myHamburgareApp */,
				624974242E4CA93B0032EDEE /* Products */,
			);
			sourceTree = "<group>";
		};
		624974242E4CA93B0032EDEE /* Products */ = {
			isa = PBXGroup;
			children = (
				624974232E4CA93B0032EDEE /* myHamburgareApp.app */,
			);
			name = Products;
			sourceTree = "<group>";
		};
		624974252E4CA93B0032EDEE /* myHamburgareApp */ = {
			isa = PBXGroup;
			children = (
				627F7A7A2E53309E0078070A /* Launch Screen.storyboard */,
				623B129E2E4E1AFC00F50865 /* Models */,
				624974342E4CADBE0032EDEE /* Views */,
				624974262E4CA93B0032EDEE /* myHamburgareAppApp.swift */,
				624974282E4CA93B0032EDEE /* ContentView.swift */,
				6249742A2E4CA93C0032EDEE /* Assets.xcassets */,
				6249742C2E4CA93C0032EDEE /* Preview Content */,
			);
			path = myHamburgareApp;
			sourceTree = "<group>";
		};
		6249742C2E4CA93C0032EDEE /* Preview Content */ = {
			isa = PBXGroup;
			children = (
				6249742D2E4CA93C0032EDEE /* Preview Assets.xcassets */,
			);
			path = "Preview Content";
			sourceTree = "<group>";
		};
		624974342E4CADBE0032EDEE /* Views */ = {
			isa = PBXGroup;
			children = (
				627A9D9A2E4F4C3700980DF4 /* RecipeView.swift */,
				623B12992E4DE49100F50865 /* BrowseView.swift */,
				623B129A2E4DE49100F50865 /* ProfileView.swift */,
				623B12982E4DE49100F50865 /* ScanView.swift */,
				624974372E4CADF50032EDEE /* HomeView.swift */,
			);
			path = Views;
			sourceTree = "<group>";
		};
/* End PBXGroup section */

/* Begin PBXNativeTarget section */
		624974222E4CA93B0032EDEE /* myHamburgareApp */ = {
			isa = PBXNativeTarget;
			buildConfigurationList = 624974312E4CA93C0032EDEE /* Build configuration list for PBXNativeTarget "myHamburgareApp" */;
			buildPhases = (
				6249741F2E4CA93B0032EDEE /* Sources */,
				624974202E4CA93B0032EDEE /* Frameworks */,
				624974212E4CA93B0032EDEE /* Resources */,
			);
			buildRules = (
			);
			dependencies = (
			);
			name = myHamburgareApp;
			productName = myHamburgareApp;
			productReference = 624974232E4CA93B0032EDEE /* myHamburgareApp.app */;
			productType = "com.apple.product-type.application";
		};
/* End PBXNativeTarget section */

/* Begin PBXProject section */
		6249741B2E4CA93B0032EDEE /* Project object */ = {
			isa = PBXProject;
			attributes = {
				BuildIndependentTargetsInParallel = 1;
				LastSwiftUpdateCheck = 1530;
				LastUpgradeCheck = 1530;
				TargetAttributes = {
					624974222E4CA93B0032EDEE = {
						CreatedOnToolsVersion = 15.3;
					};
				};
			};
			buildConfigurationList = 6249741E2E4CA93B0032EDEE /* Build configuration list for PBXProject "myHamburgareApp" */;
			compatibilityVersion = "Xcode 14.0";
			developmentRegion = en;
			hasScannedForEncodings = 0;
			knownRegions = (
				en,
				Base,
			);
			mainGroup = 6249741A2E4CA93B0032EDEE;
			productRefGroup = 624974242E4CA93B0032EDEE /* Products */;
			projectDirPath = "";
			projectRoot = "";
			targets = (
				624974222E4CA93B0032EDEE /* myHamburgareApp */,
			);
		};
/* End PBXProject section */

/* Begin PBXResourcesBuildPhase section */
		624974212E4CA93B0032EDEE /* Resources */ = {
			isa = PBXResourcesBuildPhase;
			buildActionMask = 2147483647;
			files = (
				627F7A7B2E53309E0078070A /* Launch Screen.storyboard in Resources */,
				6249742E2E4CA93C0032EDEE /* Preview Assets.xcassets in Resources */,
				6249742B2E4CA93C0032EDEE /* Assets.xcassets in Resources */,
				6262903F2E58A56B00EEF5E2 /* Recetas.json in Resources */,
			);
			runOnlyForDeploymentPostprocessing = 0;
		};
/* End PBXResourcesBuildPhase section */

/* Begin PBXSourcesBuildPhase section */
		6249741F2E4CA93B0032EDEE /* Sources */ = {
			isa = PBXSourcesBuildPhase;
			buildActionMask = 2147483647;
			files = (
				624974382E4CADF50032EDEE /* HomeView.swift in Sources */,
				623B129B2E4DE49100F50865 /* ScanView.swift in Sources */,
				623B129C2E4DE49100F50865 /* BrowseView.swift in Sources */,
				623B12A12E4E1C4F00F50865 /* RecipeViewModel.swift in Sources */,
				626290402E58A56B00EEF5E2 /* recipe_data_model.swift in Sources */,
				624974292E4CA93B0032EDEE /* ContentView.swift in Sources */,
				623B129D2E4DE49100F50865 /* ProfileView.swift in Sources */,
				627A9D9B2E4F4C3700980DF4 /* RecipeView.swift in Sources */,
				624974272E4CA93B0032EDEE /* myHamburgareAppApp.swift in Sources */,
			);
			runOnlyForDeploymentPostprocessing = 0;
		};
/* End PBXSourcesBuildPhase section */

/* Begin XCBuildConfiguration section */
		6249742F2E4CA93C0032EDEE /* Debug */ = {
			isa = XCBuildConfiguration;
			buildSettings = {
				ALWAYS_SEARCH_USER_PATHS = NO;
				ASSETCATALOG_COMPILER_GENERATE_SWIFT_ASSET_SYMBOL_EXTENSIONS = YES;
				CLANG_ANALYZER_NONNULL = YES;
				CLANG_ANALYZER_NUMBER_OBJECT_CONVERSION = YES_AGGRESSIVE;
				CLANG_CXX_LANGUAGE_STANDARD = "gnu++20";
				CLANG_ENABLE_MODULES = YES;
				CLANG_ENABLE_OBJC_ARC = YES;
				CLANG_ENABLE_OBJC_WEAK = YES;
				CLANG_WARN_BLOCK_CAPTURE_AUTORELEASING = YES;
				CLANG_WARN_BOOL_CONVERSION = YES;
				CLANG_WARN_COMMA = YES;
				CLANG_WARN_CONSTANT_CONVERSION = YES;
				CLANG_WARN_DEPRECATED_OBJC_IMPLEMENTATIONS = YES;
				CLANG_WARN_DIRECT_OBJC_ISA_USAGE = YES_ERROR;
				CLANG_WARN_DOCUMENTATION_COMMENTS = YES;
				CLANG_WARN_EMPTY_BODY = YES;
				CLANG_WARN_ENUM_CONVERSION = YES;
				CLANG_WARN_INFINITE_RECURSION = YES;
				CLANG_WARN_INT_CONVERSION = YES;
				CLANG_WARN_NON_LITERAL_NULL_CONVERSION = YES;
				CLANG_WARN_OBJC_IMPLICIT_RETAIN_SELF = YES;
				CLANG_WARN_OBJC_LITERAL_CONVERSION = YES;
				CLANG_WARN_OBJC_ROOT_CLASS = YES_ERROR;
				CLANG_WARN_QUOTED_INCLUDE_IN_FRAMEWORK_HEADER = YES;
				CLANG_WARN_RANGE_LOOP_ANALYSIS = YES;
				CLANG_WARN_STRICT_PROTOTYPES = YES;
				CLANG_WARN_SUSPICIOUS_MOVE = YES;
				CLANG_WARN_UNGUARDED_AVAILABILITY = YES_AGGRESSIVE;
				CLANG_WARN_UNREACHABLE_CODE = YES;
				CLANG_WARN__DUPLICATE_METHOD_MATCH = YES;
				COPY_PHASE_STRIP = NO;
				DEBUG_INFORMATION_FORMAT = dwarf;
				ENABLE_STRICT_OBJC_MSGSEND = YES;
				ENABLE_TESTABILITY = YES;
				ENABLE_USER_SCRIPT_SANDBOXING = YES;
				GCC_C_LANGUAGE_STANDARD = gnu17;
				GCC_DYNAMIC_NO_PIC = NO;
				GCC_NO_COMMON_BLOCKS = YES;
				GCC_OPTIMIZATION_LEVEL = 0;
				GCC_PREPROCESSOR_DEFINITIONS = (
					"DEBUG=1",
					"$(inherited)",
				);
				GCC_WARN_64_TO_32_BIT_CONVERSION = YES;
				GCC_WARN_ABOUT_RETURN_TYPE = YES_ERROR;
				GCC_WARN_UNDECLARED_SELECTOR = YES;
				GCC_WARN_UNINITIALIZED_AUTOS = YES_AGGRESSIVE;
				GCC_WARN_UNUSED_FUNCTION = YES;
				GCC_WARN_UNUSED_VARIABLE = YES;
				IPHONEOS_DEPLOYMENT_TARGET = 26.0;
				LOCALIZATION_PREFERS_STRING_CATALOGS = YES;
				MTL_ENABLE_DEBUG_INFO = INCLUDE_SOURCE;
				MTL_FAST_MATH = YES;
				ONLY_ACTIVE_ARCH = YES;
				SDKROOT = iphoneos;
				SWIFT_ACTIVE_COMPILATION_CONDITIONS = "DEBUG $(inherited)";
				SWIFT_OPTIMIZATION_LEVEL = "-Onone";
			};
			name = Debug;
		};
		624974302E4CA93C0032EDEE /* Release */ = {
			isa = XCBuildConfiguration;
			buildSettings = {
				ALWAYS_SEARCH_USER_PATHS = NO;
				ASSETCATALOG_COMPILER_GENERATE_SWIFT_ASSET_SYMBOL_EXTENSIONS = YES;
				CLANG_ANALYZER_NONNULL = YES;
				CLANG_ANALYZER_NUMBER_OBJECT_CONVERSION = YES_AGGRESSIVE;
				CLANG_CXX_LANGUAGE_STANDARD = "gnu++20";
				CLANG_ENABLE_MODULES = YES;
				CLANG_ENABLE_OBJC_ARC = YES;
				CLANG_ENABLE_OBJC_WEAK = YES;
				CLANG_WARN_BLOCK_CAPTURE_AUTORELEASING = YES;
				CLANG_WARN_BOOL_CONVERSION = YES;
				CLANG_WARN_COMMA = YES;
				CLANG_WARN_CONSTANT_CONVERSION = YES;
				CLANG_WARN_DEPRECATED_OBJC_IMPLEMENTATIONS = YES;
				CLANG_WARN_DIRECT_OBJC_ISA_USAGE = YES_ERROR;
				CLANG_WARN_DOCUMENTATION_COMMENTS = YES;
				CLANG_WARN_EMPTY_BODY = YES;
				CLANG_WARN_ENUM_CONVERSION = YES;
				CLANG_WARN_INFINITE_RECURSION = YES;
				CLANG_WARN_INT_CONVERSION = YES;
				CLANG_WARN_NON_LITERAL_NULL_CONVERSION = YES;
				CLANG_WARN_OBJC_IMPLICIT_RETAIN_SELF = YES;
				CLANG_WARN_OBJC_LITERAL_CONVERSION = YES;
				CLANG_WARN_OBJC_ROOT_CLASS = YES_ERROR;
				CLANG_WARN_QUOTED_INCLUDE_IN_FRAMEWORK_HEADER = YES;
				CLANG_WARN_RANGE_LOOP_ANALYSIS = YES;
				CLANG_WARN_STRICT_PROTOTYPES = YES;
				CLANG_WARN_SUSPICIOUS_MOVE = YES;
				CLANG_WARN_UNGUARDED_AVAILABILITY = YES_AGGRESSIVE;
				CLANG_WARN_UNREACHABLE_CODE = YES;
				CLANG_WARN__DUPLICATE_METHOD_MATCH = YES;
				COPY_PHASE_STRIP = NO;
				DEBUG_INFORMATION_FORMAT = "dwarf-with-dsym";
				ENABLE_NS_ASSERTIONS = NO;
				ENABLE_STRICT_OBJC_MSGSEND = YES;
				ENABLE_USER_SCRIPT_SANDBOXING = YES;
				GCC_C_LANGUAGE_STANDARD = gnu17;
				GCC_NO_COMMON_BLOCKS = YES;
				GCC_WARN_64_TO_32_BIT_CONVERSION = YES;
				GCC_WARN_ABOUT_RETURN_TYPE = YES_ERROR;
				GCC_WARN_UNDECLARED_SELECTOR = YES;
				GCC_WARN_UNINITIALIZED_AUTOS = YES_AGGRESSIVE;
				GCC_WARN_UNUSED_FUNCTION = YES;
				GCC_WARN_UNUSED_VARIABLE = YES;
				IPHONEOS_DEPLOYMENT_TARGET = 26.0;
				LOCALIZATION_PREFERS_STRING_CATALOGS = YES;
				MTL_ENABLE_DEBUG_INFO = NO;
				MTL_FAST_MATH = YES;
				SDKROOT = iphoneos;
				SWIFT_COMPILATION_MODE = wholemodule;
				VALIDATE_PRODUCT = YES;
			};
			name = Release;
		};
		624974322E4CA93C0032EDEE /* Debug */ = {
			isa = XCBuildConfiguration;
			buildSettings = {
				ASSETCATALOG_COMPILER_APPICON_NAME = AppIcon;
				ASSETCATALOG_COMPILER_GLOBAL_ACCENT_COLOR_NAME = AccentColor;
				CODE_SIGN_STYLE = Automatic;
				CURRENT_PROJECT_VERSION = 1;
				DEVELOPMENT_ASSET_PATHS = "\"myHamburgareApp/Preview Content\"";
				DEVELOPMENT_TEAM = DDWAVNG7Q4;
				ENABLE_PREVIEWS = YES;
				GENERATE_INFOPLIST_FILE = YES;
				INFOPLIST_KEY_CFBundleDisplayName = "H Recept";
				INFOPLIST_KEY_LSApplicationCategoryType = "public.app-category.food-and-drink";
				INFOPLIST_KEY_UIApplicationSceneManifest_Generation = YES;
				INFOPLIST_KEY_UIApplicationSupportsIndirectInputEvents = YES;
				INFOPLIST_KEY_UILaunchScreen_Generation = YES;
				INFOPLIST_KEY_UILaunchStoryboardName = "Launch Screen.storyboard";
				INFOPLIST_KEY_UISupportedInterfaceOrientations = UIInterfaceOrientationPortrait;
				INFOPLIST_KEY_UISupportedInterfaceOrientations_iPad = "UIInterfaceOrientationLandscapeLeft UIInterfaceOrientationLandscapeRight UIInterfaceOrientationPortrait";
				LD_RUNPATH_SEARCH_PATHS = (
					"$(inherited)",
					"@executable_path/Frameworks",
				);
				MARKETING_VERSION = 1.0;
				PRODUCT_BUNDLE_IDENTIFIER = se.alvararias.myHamburgareApp;
				PRODUCT_NAME = "$(TARGET_NAME)";
				SWIFT_EMIT_LOC_STRINGS = YES;
				SWIFT_VERSION = 6.0;
				SWIFT_STRICT_CONCURRENCY = complete;
				TARGETED_DEVICE_FAMILY = "1,2";
			};
			name = Debug;
		};
		624974332E4CA93C0032EDEE /* Release */ = {
			isa = XCBuildConfiguration;
			buildSettings = {
				ASSETCATALOG_COMPILER_APPICON_NAME = AppIcon;
				ASSETCATALOG_COMPILER_GLOBAL_ACCENT_COLOR_NAME = AccentColor;
				CODE_SIGN_STYLE = Automatic;
				CURRENT_PROJECT_VERSION = 1;
				DEVELOPMENT_ASSET_PATHS = "\"myHamburgareApp/Preview Content\"";
				DEVELOPMENT_TEAM = DDWAVNG7Q4;
				ENABLE_PREVIEWS = YES;
				GENERATE_INFOPLIST_FILE = YES;
				INFOPLIST_KEY_CFBundleDisplayName = "H Recept";
				INFOPLIST_KEY_LSApplicationCategoryType = "public.app-category.food-and-drink";
				INFOPLIST_KEY_UIApplicationSceneManifest_Generation = YES;
				INFOPLIST_KEY_UIApplicationSupportsIndirectInputEvents = YES;
				INFOPLIST_KEY_UILaunchScreen_Generation = YES;
				INFOPLIST_KEY_UILaunchStoryboardName = "Launch Screen.storyboard";
				INFOPLIST_KEY_UISupportedInterfaceOrientations = UIInterfaceOrientationPortrait;
				INFOPLIST_KEY_UISupportedInterfaceOrientations_iPad = "UIInterfaceOrientationLandscapeLeft UIInterfaceOrientationLandscapeRight UIInterfaceOrientationPortrait";
				LD_RUNPATH_SEARCH_PATHS = (
					"$(inherited)",
					"@executable_path/Frameworks",
				);
				MARKETING_VERSION = 1.0;
				PRODUCT_BUNDLE_IDENTIFIER = se.alvararias.myHamburgareApp;
				PRODUCT_NAME = "$(TARGET_NAME)";
				SWIFT_EMIT_LOC_STRINGS = YES;
				SWIFT_VERSION = 6.0;
				SWIFT_STRICT_CONCURRENCY = complete;
				TARGETED_DEVICE_FAMILY = "1,2";
			};
			name = Release;
		};
/* End XCBuildConfiguration section */

/* Begin XCConfigurationList section */
		6249741E2E4CA93B0032EDEE /* Build configuration list for PBXProject "myHamburgareApp" */ = {
			isa = XCConfigurationList;
			buildConfigurations = (
				6249742F2E4CA93C0032EDEE /* Debug */,
				624974302E4CA93C0032EDEE /* Release */,
			);
			defaultConfigurationIsVisible = 0;
			defaultConfigurationName = Release;
		};
		624974312E4CA93C0032EDEE /* Build configuration list for PBXNativeTarget "myHamburgareApp" */ = {
			isa = XCConfigurationList;
			buildConfigurations = (
				624974322E4CA93C0032EDEE /* Debug */,
				624974332E4CA93C0032EDEE /* Release */,
			);
			defaultConfigurationIsVisible = 0;
			defaultConfigurationName = Release;
		};
/* End XCConfigurationList section */
	};
	rootObject = 6249741B2E4CA93B0032EDEE /* Project object */;
}
